
Microsoft Visual Studio Solution File, Format Version 12.00
# Visual Studio Version 17
VisualStudioVersion = 17.8.34511.84
MinimumVisualStudioVersion = 10.0.40219.1
Project("{9A19103F-16F7-4668-BE54-9A1E7A4F7556}") = "MS539-Assignment3.1-RyanBachman", "MS539-Assignment2.1-RyanBachman\MS539-Assignment3.1-RyanBachman.csproj", "{B29D24B7-70EB-4B3E-A4B4-57DDBA3E6690}"
EndProject
Global
	GlobalSection(SolutionConfigurationPlatforms) = preSolution
		Debug|Any CPU = Debug|Any CPU
		Release|Any CPU = Release|Any CPU
	EndGlobalSection
	GlobalSection(ProjectConfigurationPlatforms) = postSolution
		{B29D24B7-70EB-4B3E-A4B4-57DDBA3E6690}.Debug|Any CPU.ActiveCfg = Debug|Any CPU
		{B29D24B7-70EB-4B3E-A4B4-57DDBA3E6690}.Debug|Any CPU.Build.0 = Debug|Any CPU
		{B29D24B7-70EB-4B3E-A4B4-57DDBA3E6690}.Release|Any CPU.ActiveCfg = Release|Any CPU
		{B29D24B7-70EB-4B3E-A4B4-57DDBA3E6690}.Release|Any CPU.Build.0 = Release|Any CPU
	EndGlobalSection
	GlobalSection(SolutionProperties) = preSolution
		HideSolutionNode = FALSE
	EndGlobalSection
	GlobalSection(ExtensibilityGlobals) = postSolution
		SolutionGuid = {1DF66C76-7689-4551-9688-9E1AE1FE6A1E}
	EndGlobalSection
EndGlobal
